
Microsoft Visual Studio Solution File, Format Version 12.00
Project("{FAE04EC0-301F-11D3-BF4B-00C04F79EFBC}") = "Validation-MVC", "Validation-MVC\Validation-MVC.csproj", "{834ECF37-B30D-4DDA-860B-F34541EAC809}"
EndProject
Global
	GlobalSection(SolutionConfigurationPlatforms) = preSolution
		Debug|Any CPU = Debug|Any CPU
		Release|Any CPU = Release|Any CPU
	EndGlobalSection
	GlobalSection(ProjectConfigurationPlatforms) = postSolution
		{834ECF37-B30D-4DDA-860B-F34541EAC809}.Debug|Any CPU.ActiveCfg = Debug|Any CPU
		{834ECF37-B30D-4DDA-860B-F34541EAC809}.Debug|Any CPU.Build.0 = Debug|Any CPU
		{834ECF37-B30D-4DDA-860B-F34541EAC809}.Release|Any CPU.ActiveCfg = Release|Any CPU
		{834ECF37-B30D-4DDA-860B-F34541EAC809}.Release|Any CPU.Build.0 = Release|Any CPU
	EndGlobalSection
EndGlobal
